
Microsoft Visual Studio Solution File, Format Version 12.00
# Visual Studio Version 16
VisualStudioVersion = 16.0.30804.86
MinimumVisualStudioVersion = 10.0.40219.1
Project("{FAE04EC0-301F-11D3-BF4B-00C04F79EFBC}") = "metotlar_11012021", "metotlar_11012021\metotlar_11012021.csproj", "{2A06E84D-5B29-49A9-82F1-A31DB0B34854}"
EndProject
Global
	GlobalSection(SolutionConfigurationPlatforms) = preSolution
		Debug|Any CPU = Debug|Any CPU
		Release|Any CPU = Release|Any CPU
	EndGlobalSection
	GlobalSection(ProjectConfigurationPlatforms) = postSolution
		{2A06E84D-5B29-49A9-82F1-A31DB0B34854}.Debug|Any CPU.ActiveCfg = Debug|Any CPU
		{2A06E84D-5B29-49A9-82F1-A31DB0B34854}.Debug|Any CPU.Build.0 = Debug|Any CPU
		{2A06E84D-5B29-49A9-82F1-A31DB0B34854}.Release|Any CPU.ActiveCfg = Release|Any CPU
		{2A06E84D-5B29-49A9-82F1-A31DB0B34854}.Release|Any CPU.Build.0 = Release|Any CPU
	EndGlobalSection
	GlobalSection(SolutionProperties) = preSolution
		HideSolutionNode = FALSE
	EndGlobalSection
	GlobalSection(ExtensibilityGlobals) = postSolution
		SolutionGuid = {CF99904F-0933-405A-8382-6180EA134015}
	EndGlobalSection
EndGlobal
